
Microsoft Visual Studio Solution File, Format Version 12.00
# Visual Studio Version 17
VisualStudioVersion = 17.0.32014.148
MinimumVisualStudioVersion = 10.0.40219.1
Project("{8BC9CEB8-8B4A-11D0-8D11-00A0C91BC942}") = "PerlinNoise", "PerlinNoise\PerlinNoise.vcxproj", "{0E03EF1C-C678-48F2-94DF-7E2158843625}"
EndProject
Global
	GlobalSection(SolutionConfigurationPlatforms) = preSolution
		Debug|x64 = Debug|x64
		Debug|x86 = Debug|x86
		Release|x64 = Release|x64
		Release|x86 = Release|x86
	EndGlobalSection
	GlobalSection(ProjectConfigurationPlatforms) = postSolution
		{0E03EF1C-C678-48F2-94DF-7E2158843625}.Debug|x64.ActiveCfg = Debug|x64
		{0E03EF1C-C678-48F2-94DF-7E2158843625}.Debug|x64.Build.0 = Debug|x64
		{0E03EF1C-C678-48F2-94DF-7E2158843625}.Debug|x86.ActiveCfg = Debug|Win32
		{0E03EF1C-C678-48F2-94DF-7E2158843625}.Debug|x86.Build.0 = Debug|Win32
		{0E03EF1C-C678-48F2-94DF-7E2158843625}.Release|x64.ActiveCfg = Release|x64
		{0E03EF1C-C678-48F2-94DF-7E2158843625}.Release|x64.Build.0 = Release|x64
		{0E03EF1C-C678-48F2-94DF-7E2158843625}.Release|x86.ActiveCfg = Release|Win32
		{0E03EF1C-C678-48F2-94DF-7E2158843625}.Release|x86.Build.0 = Release|Win32
	EndGlobalSection
	GlobalSection(SolutionProperties) = preSolution
		HideSolutionNode = FALSE
	EndGlobalSection
	GlobalSection(ExtensibilityGlobals) = postSolution
		SolutionGuid = {FBF8DC6D-2DA0-44CA-8B46-B1B1589FCF0E}
	EndGlobalSection
EndGlobal
